
Microsoft Visual Studio Solution File, Format Version 12.00
# Visual Studio Version 17
VisualStudioVersion = 17.9.34714.143
MinimumVisualStudioVersion = 10.0.40219.1
Project("{FAE04EC0-301F-11D3-BF4B-00C04F79EFBC}") = "AutomacoesProjetos", "AutomacoesProjetos\AutomacoesProjetos.csproj", "{D1F31EE1-417F-4B0D-9C64-209D3F16EC3B}"
EndProject
Global
	GlobalSection(SolutionConfigurationPlatforms) = preSolution
		Debug|Any CPU = Debug|Any CPU
		Release|Any CPU = Release|Any CPU
	EndGlobalSection
	GlobalSection(ProjectConfigurationPlatforms) = postSolution
		{D1F31EE1-417F-4B0D-9C64-209D3F16EC3B}.Debug|Any CPU.ActiveCfg = Debug|Any CPU
		{D1F31EE1-417F-4B0D-9C64-209D3F16EC3B}.Debug|Any CPU.Build.0 = Debug|Any CPU
		{D1F31EE1-417F-4B0D-9C64-209D3F16EC3B}.Release|Any CPU.ActiveCfg = Release|Any CPU
		{D1F31EE1-417F-4B0D-9C64-209D3F16EC3B}.Release|Any CPU.Build.0 = Release|Any CPU
	EndGlobalSection
	GlobalSection(SolutionProperties) = preSolution
		HideSolutionNode = FALSE
	EndGlobalSection
	GlobalSection(ExtensibilityGlobals) = postSolution
		SolutionGuid = {21A6CCD5-F75C-4643-95F5-D006FAD62688}
	EndGlobalSection
EndGlobal
